
Microsoft Visual Studio Solution File, Format Version 12.00
# Visual Studio Version 16
VisualStudioVersion = 25.0.1700.7
MinimumVisualStudioVersion = 10.0.40219.1
Project("{FAE04EC0-301F-11D3-BF4B-00C04F79EFBC}") = "CSharp12_ClassObject", "CSharp12_ClassObject\CSharp12_ClassObject.csproj", "{BFB37082-9317-43AD-97CE-4DB5BFDBCADF}"
EndProject
Global
	GlobalSection(SolutionConfigurationPlatforms) = preSolution
		Debug|Any CPU = Debug|Any CPU
		Release|Any CPU = Release|Any CPU
	EndGlobalSection
	GlobalSection(ProjectConfigurationPlatforms) = postSolution
		{BFB37082-9317-43AD-97CE-4DB5BFDBCADF}.Debug|Any CPU.ActiveCfg = Debug|Any CPU
		{BFB37082-9317-43AD-97CE-4DB5BFDBCADF}.Debug|Any CPU.Build.0 = Debug|Any CPU
		{BFB37082-9317-43AD-97CE-4DB5BFDBCADF}.Release|Any CPU.ActiveCfg = Release|Any CPU
		{BFB37082-9317-43AD-97CE-4DB5BFDBCADF}.Release|Any CPU.Build.0 = Release|Any CPU
	EndGlobalSection
	GlobalSection(SolutionProperties) = preSolution
		HideSolutionNode = FALSE
	EndGlobalSection
	GlobalSection(ExtensibilityGlobals) = postSolution
		SolutionGuid = {172588BF-18BC-4646-B972-503FB1144B0F}
	EndGlobalSection
EndGlobal
