
Microsoft Visual Studio Solution File, Format Version 12.00
# Visual Studio Version 16
VisualStudioVersion = 25.0.1700.7
MinimumVisualStudioVersion = 10.0.40219.1
Project("{FAE04EC0-301F-11D3-BF4B-00C04F79EFBC}") = "CSharp13_StaticClass", "CSharp13_StaticClass\CSharp13_StaticClass.csproj", "{ECCCD395-B60D-4F31-A4DC-DF117AF57A23}"
EndProject
Global
	GlobalSection(SolutionConfigurationPlatforms) = preSolution
		Debug|Any CPU = Debug|Any CPU
		Release|Any CPU = Release|Any CPU
	EndGlobalSection
	GlobalSection(ProjectConfigurationPlatforms) = postSolution
		{ECCCD395-B60D-4F31-A4DC-DF117AF57A23}.Debug|Any CPU.ActiveCfg = Debug|Any CPU
		{ECCCD395-B60D-4F31-A4DC-DF117AF57A23}.Debug|Any CPU.Build.0 = Debug|Any CPU
		{ECCCD395-B60D-4F31-A4DC-DF117AF57A23}.Release|Any CPU.ActiveCfg = Release|Any CPU
		{ECCCD395-B60D-4F31-A4DC-DF117AF57A23}.Release|Any CPU.Build.0 = Release|Any CPU
	EndGlobalSection
	GlobalSection(SolutionProperties) = preSolution
		HideSolutionNode = FALSE
	EndGlobalSection
	GlobalSection(ExtensibilityGlobals) = postSolution
		SolutionGuid = {11586A1B-3A4B-4673-AD5B-C6FB87F81FB2}
	EndGlobalSection
EndGlobal
